Microsoft Visual Studio Solution File, Format Version 11.00
# Visual Studio 2008

Project("{7F278AD6-02C7-F47A-A76D-1BFC90F20263}") = "3951", "Assembly-CSharp-firstpass.csproj", "{CA054464-5AEA-E6FA-48C7-B440786DFF94}"
EndProject
Project("{7F278AD6-02C7-F47A-A76D-1BFC90F20263}") = "3951", "Assembly-CSharp.csproj", "{7D342FFE-C12E-006D-CC22-12532C9E7F95}"
EndProject
Project("{7F278AD6-02C7-F47A-A76D-1BFC90F20263}") = "3951", "Assembly-CSharp-Editor.csproj", "{3CC650A3-A96F-80E3-6816-5EC5F5FDA0F6}"
EndProject
Global
	GlobalSection(SolutionConfigurationPlatforms) = preSolution
		Debug|Any CPU = Debug|Any CPU
		Release|Any CPU = Release|Any CPU
	EndGlobalSection
	GlobalSection(ProjectConfigurationPlatforms) = postSolution
		{CA054464-5AEA-E6FA-48C7-B440786DFF94}.Debug|Any CPU.ActiveCfg = Debug|Any CPU
		{CA054464-5AEA-E6FA-48C7-B440786DFF94}.Debug|Any CPU.Build.0 = Debug|Any CPU
		{CA054464-5AEA-E6FA-48C7-B440786DFF94}.Release|Any CPU.ActiveCfg = Release|Any CPU
		{CA054464-5AEA-E6FA-48C7-B440786DFF94}.Release|Any CPU.Build.0 = Release|Any CPU
		{7D342FFE-C12E-006D-CC22-12532C9E7F95}.Debug|Any CPU.ActiveCfg = Debug|Any CPU
		{7D342FFE-C12E-006D-CC22-12532C9E7F95}.Debug|Any CPU.Build.0 = Debug|Any CPU
		{7D342FFE-C12E-006D-CC22-12532C9E7F95}.Release|Any CPU.ActiveCfg = Release|Any CPU
		{7D342FFE-C12E-006D-CC22-12532C9E7F95}.Release|Any CPU.Build.0 = Release|Any CPU
		{3CC650A3-A96F-80E3-6816-5EC5F5FDA0F6}.Debug|Any CPU.ActiveCfg = Debug|Any CPU
		{3CC650A3-A96F-80E3-6816-5EC5F5FDA0F6}.Debug|Any CPU.Build.0 = Debug|Any CPU
		{3CC650A3-A96F-80E3-6816-5EC5F5FDA0F6}.Release|Any CPU.ActiveCfg = Release|Any CPU
		{3CC650A3-A96F-80E3-6816-5EC5F5FDA0F6}.Release|Any CPU.Build.0 = Release|Any CPU
	EndGlobalSection
	GlobalSection(SolutionProperties) = preSolution
		HideSolutionNode = FALSE
	EndGlobalSection
	GlobalSection(MonoDevelopProperties) = preSolution
		StartupItem = Assembly-CSharp.csproj
	EndGlobalSection
EndGlobal
